
Microsoft Visual Studio Solution File, Format Version 11.00
# Visual Studio 2010
Project("{FAE04EC0-301F-11D3-BF4B-00C04F79EFBC}") = "TD try", "Assembly-CSharp.csproj", "{6971EC3F-16C7-2D5A-3C46-999D5B5A9A73}"
EndProject
Global
	GlobalSection(SolutionConfigurationPlatforms) = preSolution
		Debug|Any CPU = Debug|Any CPU
		Release|Any CPU = Release|Any CPU
	EndGlobalSection
	GlobalSection(ProjectConfigurationPlatforms) = postSolution
		{6971EC3F-16C7-2D5A-3C46-999D5B5A9A73}.Debug|Any CPU.ActiveCfg = Debug|Any CPU
		{6971EC3F-16C7-2D5A-3C46-999D5B5A9A73}.Debug|Any CPU.Build.0 = Debug|Any CPU
		{6971EC3F-16C7-2D5A-3C46-999D5B5A9A73}.Release|Any CPU.ActiveCfg = Release|Any CPU
		{6971EC3F-16C7-2D5A-3C46-999D5B5A9A73}.Release|Any CPU.Build.0 = Release|Any CPU
	EndGlobalSection
	GlobalSection(SolutionProperties) = preSolution
		HideSolutionNode = FALSE
	EndGlobalSection
	GlobalSection(MonoDevelopProperties) = preSolution
		StartupItem = Assembly-CSharp.csproj
	EndGlobalSection
EndGlobal
